
Microsoft Visual Studio Solution File, Format Version 12.00
# Visual Studio Version 17
VisualStudioVersion = 17.14.36623.8
MinimumVisualStudioVersion = 10.0.40219.1
Project("{FAE04EC0-301F-11D3-BF4B-00C04F79EFBC}") = "AlphaCare", "HPSCORE22\AlphaCare.csproj", "{21F064D0-9291-4F5F-B924-BF11C23A8E9B}"
EndProject
Project("{2150E333-8FDC-42A3-9474-1A3956D46DE8}") = "Solution Items", "Solution Items", "{8EC462FD-D22E-90A8-E5CE-7E832BA40C5D}"
	ProjectSection(SolutionItems) = preProject
		.gitignore = .gitignore
	EndProjectSection
EndProject
Global
	GlobalSection(SolutionConfigurationPlatforms) = preSolution
		Debug|Any CPU = Debug|Any CPU
		Release|Any CPU = Release|Any CPU
	EndGlobalSection
	GlobalSection(ProjectConfigurationPlatforms) = postSolution
		{21F064D0-9291-4F5F-B924-BF11C23A8E9B}.Debug|Any CPU.ActiveCfg = Debug|Any CPU
		{21F064D0-9291-4F5F-B924-BF11C23A8E9B}.Debug|Any CPU.Build.0 = Debug|Any CPU
		{21F064D0-9291-4F5F-B924-BF11C23A8E9B}.Release|Any CPU.ActiveCfg = Release|Any CPU
		{21F064D0-9291-4F5F-B924-BF11C23A8E9B}.Release|Any CPU.Build.0 = Release|Any CPU
	EndGlobalSection
	GlobalSection(SolutionProperties) = preSolution
		HideSolutionNode = FALSE
	EndGlobalSection
	GlobalSection(ExtensibilityGlobals) = postSolution
		SolutionGuid = {B15C1C64-53F1-45DA-B3FC-64CB9A90606A}
	EndGlobalSection
EndGlobal
